{
  "requires": true,
  "lockfileVersion": 1,
  "dependencies": {
    "@mediapipe/camera_utils": {
      "version": "0.3.1620247984",
      "resolved": "https://registry.npmjs.org/@mediapipe/camera_utils/-/camera_utils-0.3.1620247984.tgz",
      "integrity": "sha512-CQEppbvSfgF5BaiA917+x/xHn8ttietc4+co/7RF98AqgjByGQHKLslog1eE7WekgBXYT/qc4z9F1HrOIfy3yQ=="
    },
    "@mediapipe/pose": {
      "version": "0.4.1627343400",
      "resolved": "https://registry.npmjs.org/@mediapipe/pose/-/pose-0.4.1627343400.tgz",
      "integrity": "sha512-uK6zquikhDXw+HQbVoeRXzfV56zbC3+h7pJZtIRLqDeHbbumC6hEhE99nnhmxg3R6+01c4RYDVWXXX7rkz5HlA=="
    },
    "vue-async-computed": {
      "version": "3.9.0",
      "resolved": "https://registry.npmjs.org/vue-async-computed/-/vue-async-computed-3.9.0.tgz",
      "integrity": "sha512-ac6m/9zxHHNGGKNOU1en8qNk+fAmEbJLuWL7qyQTFuH3vjv3V4urv//QHcVzCobROM6btnaDG2b+XYMncF/ETA=="
    }
  }
}
