{
  "requires": true,
  "lockfileVersion": 1,
  "dependencies": {
    "vue-async-computed": {
      "version": "3.9.0",
      "resolved": "https://registry.npmjs.org/vue-async-computed/-/vue-async-computed-3.9.0.tgz",
      "integrity": "sha512-ac6m/9zxHHNGGKNOU1en8qNk+fAmEbJLuWL7qyQTFuH3vjv3V4urv//QHcVzCobROM6btnaDG2b+XYMncF/ETA=="
    }
  }
}
